
Microsoft Visual Studio Solution File, Format Version 12.00
# Visual Studio Version 17
VisualStudioVersion = 17.6.33829.357
MinimumVisualStudioVersion = 10.0.40219.1
Project("{FAE04EC0-301F-11D3-BF4B-00C04F79EFBC}") = "XML Reader", "XML Reader\XML Reader.csproj", "{9DAA76AE-EA36-4CF4-B2F1-8EBFF9AAABD6}"
EndProject
Project("{FAE04EC0-301F-11D3-BF4B-00C04F79EFBC}") = "XML Update", "XML Update\XML Update.csproj", "{E0639D8A-F40A-4D4D-9F8C-B896B52706F0}"
EndProject
Project("{FAE04EC0-301F-11D3-BF4B-00C04F79EFBC}") = "Module Manager", "Module Manager\Module Manager.csproj", "{755048A8-C13C-479D-B519-B16A16D68BC2}"
EndProject
Global
	GlobalSection(SolutionConfigurationPlatforms) = preSolution
		Debug|Any CPU = Debug|Any CPU
		Debug|ARM32 = Debug|ARM32
		Debug|iPhone = Debug|iPhone
		Debug|iPhoneSimulator = Debug|iPhoneSimulator
		Release|Any CPU = Release|Any CPU
		Release|ARM32 = Release|ARM32
		Release|iPhone = Release|iPhone
		Release|iPhoneSimulator = Release|iPhoneSimulator
	EndGlobalSection
	GlobalSection(ProjectConfigurationPlatforms) = postSolution
		{9DAA76AE-EA36-4CF4-B2F1-8EBFF9AAABD6}.Debug|Any CPU.ActiveCfg = Debug|Any CPU
		{9DAA76AE-EA36-4CF4-B2F1-8EBFF9AAABD6}.Debug|Any CPU.Build.0 = Debug|Any CPU
		{9DAA76AE-EA36-4CF4-B2F1-8EBFF9AAABD6}.Debug|ARM32.ActiveCfg = Debug|Any CPU
		{9DAA76AE-EA36-4CF4-B2F1-8EBFF9AAABD6}.Debug|ARM32.Build.0 = Debug|Any CPU
		{9DAA76AE-EA36-4CF4-B2F1-8EBFF9AAABD6}.Debug|iPhone.ActiveCfg = Debug|Any CPU
		{9DAA76AE-EA36-4CF4-B2F1-8EBFF9AAABD6}.Debug|iPhone.Build.0 = Debug|Any CPU
		{9DAA76AE-EA36-4CF4-B2F1-8EBFF9AAABD6}.Debug|iPhoneSimulator.ActiveCfg = Debug|Any CPU
		{9DAA76AE-EA36-4CF4-B2F1-8EBFF9AAABD6}.Debug|iPhoneSimulator.Build.0 = Debug|Any CPU
		{9DAA76AE-EA36-4CF4-B2F1-8EBFF9AAABD6}.Release|Any CPU.ActiveCfg = Debug|Any CPU
		{9DAA76AE-EA36-4CF4-B2F1-8EBFF9AAABD6}.Release|Any CPU.Build.0 = Debug|Any CPU
		{9DAA76AE-EA36-4CF4-B2F1-8EBFF9AAABD6}.Release|ARM32.ActiveCfg = Release|Any CPU
		{9DAA76AE-EA36-4CF4-B2F1-8EBFF9AAABD6}.Release|ARM32.Build.0 = Release|Any CPU
		{9DAA76AE-EA36-4CF4-B2F1-8EBFF9AAABD6}.Release|iPhone.ActiveCfg = Release|Any CPU
		{9DAA76AE-EA36-4CF4-B2F1-8EBFF9AAABD6}.Release|iPhone.Build.0 = Release|Any CPU
		{9DAA76AE-EA36-4CF4-B2F1-8EBFF9AAABD6}.Release|iPhoneSimulator.ActiveCfg = Release|Any CPU
		{9DAA76AE-EA36-4CF4-B2F1-8EBFF9AAABD6}.Release|iPhoneSimulator.Build.0 = Release|Any CPU
		{E0639D8A-F40A-4D4D-9F8C-B896B52706F0}.Debug|Any CPU.ActiveCfg = Debug|Any CPU
		{E0639D8A-F40A-4D4D-9F8C-B896B52706F0}.Debug|Any CPU.Build.0 = Debug|Any CPU
		{E0639D8A-F40A-4D4D-9F8C-B896B52706F0}.Debug|ARM32.ActiveCfg = Debug|Any CPU
		{E0639D8A-F40A-4D4D-9F8C-B896B52706F0}.Debug|ARM32.Build.0 = Debug|Any CPU
		{E0639D8A-F40A-4D4D-9F8C-B896B52706F0}.Debug|iPhone.ActiveCfg = Debug|Any CPU
		{E0639D8A-F40A-4D4D-9F8C-B896B52706F0}.Debug|iPhone.Build.0 = Debug|Any CPU
		{E0639D8A-F40A-4D4D-9F8C-B896B52706F0}.Debug|iPhoneSimulator.ActiveCfg = Debug|Any CPU
		{E0639D8A-F40A-4D4D-9F8C-B896B52706F0}.Debug|iPhoneSimulator.Build.0 = Debug|Any CPU
		{E0639D8A-F40A-4D4D-9F8C-B896B52706F0}.Release|Any CPU.ActiveCfg = Debug|Any CPU
		{E0639D8A-F40A-4D4D-9F8C-B896B52706F0}.Release|Any CPU.Build.0 = Debug|Any CPU
		{E0639D8A-F40A-4D4D-9F8C-B896B52706F0}.Release|ARM32.ActiveCfg = Release|Any CPU
		{E0639D8A-F40A-4D4D-9F8C-B896B52706F0}.Release|ARM32.Build.0 = Release|Any CPU
		{E0639D8A-F40A-4D4D-9F8C-B896B52706F0}.Release|iPhone.ActiveCfg = Release|Any CPU
		{E0639D8A-F40A-4D4D-9F8C-B896B52706F0}.Release|iPhone.Build.0 = Release|Any CPU
		{E0639D8A-F40A-4D4D-9F8C-B896B52706F0}.Release|iPhoneSimulator.ActiveCfg = Release|Any CPU
		{E0639D8A-F40A-4D4D-9F8C-B896B52706F0}.Release|iPhoneSimulator.Build.0 = Release|Any CPU
		{755048A8-C13C-479D-B519-B16A16D68BC2}.Debug|Any CPU.ActiveCfg = Debug|Any CPU
		{755048A8-C13C-479D-B519-B16A16D68BC2}.Debug|Any CPU.Build.0 = Debug|Any CPU
		{755048A8-C13C-479D-B519-B16A16D68BC2}.Debug|ARM32.ActiveCfg = Debug|Any CPU
		{755048A8-C13C-479D-B519-B16A16D68BC2}.Debug|ARM32.Build.0 = Debug|Any CPU
		{755048A8-C13C-479D-B519-B16A16D68BC2}.Debug|iPhone.ActiveCfg = Debug|Any CPU
		{755048A8-C13C-479D-B519-B16A16D68BC2}.Debug|iPhone.Build.0 = Debug|Any CPU
		{755048A8-C13C-479D-B519-B16A16D68BC2}.Debug|iPhoneSimulator.ActiveCfg = Debug|Any CPU
		{755048A8-C13C-479D-B519-B16A16D68BC2}.Debug|iPhoneSimulator.Build.0 = Debug|Any CPU
		{755048A8-C13C-479D-B519-B16A16D68BC2}.Release|Any CPU.ActiveCfg = Debug|Any CPU
		{755048A8-C13C-479D-B519-B16A16D68BC2}.Release|Any CPU.Build.0 = Debug|Any CPU
		{755048A8-C13C-479D-B519-B16A16D68BC2}.Release|ARM32.ActiveCfg = Release|Any CPU
		{755048A8-C13C-479D-B519-B16A16D68BC2}.Release|ARM32.Build.0 = Release|Any CPU
		{755048A8-C13C-479D-B519-B16A16D68BC2}.Release|iPhone.ActiveCfg = Release|Any CPU
		{755048A8-C13C-479D-B519-B16A16D68BC2}.Release|iPhone.Build.0 = Release|Any CPU
		{755048A8-C13C-479D-B519-B16A16D68BC2}.Release|iPhoneSimulator.ActiveCfg = Release|Any CPU
		{755048A8-C13C-479D-B519-B16A16D68BC2}.Release|iPhoneSimulator.Build.0 = Release|Any CPU
	EndGlobalSection
	GlobalSection(SolutionProperties) = preSolution
		HideSolutionNode = FALSE
	EndGlobalSection
	GlobalSection(ExtensibilityGlobals) = postSolution
		SolutionGuid = {5700B032-8C49-4235-A807-F1CE125240DB}
	EndGlobalSection
EndGlobal
